{
	"name": "@flowx/events",
	"version": "1.0.2",
	"lockfileVersion": 1,
	"requires": true,
	"dependencies": {
		"@reactivex/rxjs": {
			"version": "6.5.5",
			"resolved": "https://registry.npmjs.org/@reactivex/rxjs/-/rxjs-6.5.5.tgz",
			"integrity": "sha512-s2KQyapwCisWZITSo2ML3ALoRaVYcShC1vMfou9rBjxVe5lBdzcw1KxbF87iTIPBulQ/J0Nsrj1cY9cOgovuCg==",
			"requires": {
				"tslib": "^1.9.0"
			}
		},
		"rxjs-compat": {
			"version": "6.5.5",
			"resolved": "https://registry.npmjs.org/rxjs-compat/-/rxjs-compat-6.5.5.tgz",
			"integrity": "sha512-F42sssVbUyWH4vJswEo6m+Eh02xHv3q93n8S7nUJO58R7sbc3CvJIOts605zdaBhWa1xMB9aVSyqPqhQ5q3eXg=="
		},
		"tslib": {
			"version": "1.11.2",
			"resolved": "https://registry.npmjs.org/tslib/-/tslib-1.11.2.tgz",
			"integrity": "sha512-tTSkux6IGPnUGUd1XAZHcpu85MOkIl5zX49pO+jfsie3eP0B6pyhOlLXm3cAC6T7s+euSDDUUV+Acop5WmtkVg=="
		}
	}
}
